
Microsoft Visual Studio Solution File, Format Version 12.00
# Visual Studio 14
VisualStudioVersion = 14.0.24720.0
MinimumVisualStudioVersion = 10.0.40219.1
Project("{2150E333-8FDC-42A3-9474-1A3956D46DE8}") = "Oregon 9-1-1.Android.Application", "Oregon 9-1-1.Android.Application", "{3977527C-1446-48EF-8CF7-4FA3514AE1CD}"
EndProject
Project("{39E2626F-3545-4960-A6E8-258AD8476CE5}") = "Oregon 9-1-1.Android.Application", "Oregon 9-1-1\Oregon 9-1-1.Android.Application\Oregon 9-1-1.Android.Application.androidproj", "{03C2A633-F2A7-411C-85CB-BC420BB6CE17}"
EndProject
Project("{8BC9CEB8-8B4A-11D0-8D11-00A0C91BC942}") = "Oregon 9-1-1.Android.NativeActivity", "Oregon 9-1-1\Oregon 9-1-1.Android.NativeActivity\Oregon 9-1-1.Android.NativeActivity.vcxproj", "{501C1D6B-5262-4DD8-BF20-56D8BC1D8506}"
EndProject
Project("{740547C8-F205-44CF-8284-0B59C7DD69BD}") = "Oregon 9-1-1.iOS.Application", "Oregon 9-1-1\Oregon 9-1-1.iOS.Application\Oregon 9-1-1.iOS.Application.xcodeproj\project.pbxproj", "{58081D70-C50C-4F14-8F19-DC2F93D2D132}"
EndProject
Project("{8BC9CEB8-8B4A-11D0-8D11-00A0C91BC942}") = "Oregon 9-1-1.WindowsUniversal.Application", "Oregon 9-1-1\Oregon 9-1-1.WindowsUniversal.Application\Oregon 9-1-1.WindowsUniversal.Application.vcxproj", "{508901BE-B2DF-4B75-A53E-6974EBEF10E6}"
EndProject
Project("{2150E333-8FDC-42A3-9474-1A3956D46DE8}") = "Library", "Library", "{22B77265-61C6-4ED7-ADCE-AF13C54D5883}"
EndProject
Project("{8BC9CEB8-8B4A-11D0-8D11-00A0C91BC942}") = "Oregon 9-1-1.Shared", "Oregon 9-1-1\Oregon 9-1-1.Shared\Oregon 9-1-1.Shared.vcxitems", "{F7898E66-672E-4941-8FB2-D7EC63439570}"
EndProject
Project("{8BC9CEB8-8B4A-11D0-8D11-00A0C91BC942}") = "Oregon 9-1-1.Android.StaticLibrary", "Oregon 9-1-1\Oregon 9-1-1.Android.StaticLibrary\Oregon 9-1-1.Android.StaticLibrary.vcxproj", "{E5A1A12F-B3E2-454B-A39D-945E8BADB5EF}"
EndProject
Project("{8BC9CEB8-8B4A-11D0-8D11-00A0C91BC942}") = "Oregon 9-1-1.iOS.StaticLibrary", "Oregon 9-1-1\Oregon 9-1-1.iOS.StaticLibrary\Oregon 9-1-1.iOS.StaticLibrary.vcxproj", "{B54E8A4D-4B34-413B-AA14-89E8EABF647B}"
EndProject
Project("{8BC9CEB8-8B4A-11D0-8D11-00A0C91BC942}") = "Oregon 9-1-1.WindowsUniversal.StaticLibrary", "Oregon 9-1-1\Oregon 9-1-1.WindowsUniversal.StaticLibrary\Oregon 9-1-1.WindowsUniversal.StaticLibrary.vcxproj", "{F95742AF-33BF-48CF-8E5E-32A0C14A5FA6}"
EndProject
Global
	GlobalSection(SharedMSBuildProjectFiles) = preSolution
		Oregon 9-1-1\Oregon 9-1-1.Shared\Oregon 9-1-1.Shared.vcxitems*{e5a1a12f-b3e2-454b-a39d-945e8badb5ef}*SharedItemsImports = 4
		Oregon 9-1-1\Oregon 9-1-1.Shared\Oregon 9-1-1.Shared.vcxitems*{f95742af-33bf-48cf-8e5e-32a0c14a5fa6}*SharedItemsImports = 4
		Oregon 9-1-1\Oregon 9-1-1.Shared\Oregon 9-1-1.Shared.vcxitems*{f7898e66-672e-4941-8fb2-d7ec63439570}*SharedItemsImports = 9
		Oregon 9-1-1\Oregon 9-1-1.Shared\Oregon 9-1-1.Shared.vcxitems*{b54e8a4d-4b34-413b-aa14-89e8eabf647b}*SharedItemsImports = 4
	EndGlobalSection
	GlobalSection(SolutionConfigurationPlatforms) = preSolution
		Debug|ARM = Debug|ARM
		Debug|ARM64 = Debug|ARM64
		Debug|x64 = Debug|x64
		Debug|x86 = Debug|x86
		Release|ARM = Release|ARM
		Release|ARM64 = Release|ARM64
		Release|x64 = Release|x64
		Release|x86 = Release|x86
	EndGlobalSection
	GlobalSection(ProjectConfigurationPlatforms) = postSolution
		{03C2A633-F2A7-411C-85CB-BC420BB6CE17}.Debug|ARM.ActiveCfg = Debug|ARM
		{03C2A633-F2A7-411C-85CB-BC420BB6CE17}.Debug|ARM.Build.0 = Debug|ARM
		{03C2A633-F2A7-411C-85CB-BC420BB6CE17}.Debug|ARM.Deploy.0 = Debug|ARM
		{03C2A633-F2A7-411C-85CB-BC420BB6CE17}.Debug|ARM64.ActiveCfg = Debug|ARM64
		{03C2A633-F2A7-411C-85CB-BC420BB6CE17}.Debug|ARM64.Build.0 = Debug|ARM64
		{03C2A633-F2A7-411C-85CB-BC420BB6CE17}.Debug|ARM64.Deploy.0 = Debug|ARM64
		{03C2A633-F2A7-411C-85CB-BC420BB6CE17}.Debug|x64.ActiveCfg = Debug|x64
		{03C2A633-F2A7-411C-85CB-BC420BB6CE17}.Debug|x64.Build.0 = Debug|x64
		{03C2A633-F2A7-411C-85CB-BC420BB6CE17}.Debug|x64.Deploy.0 = Debug|x64
		{03C2A633-F2A7-411C-85CB-BC420BB6CE17}.Debug|x86.ActiveCfg = Debug|x86
		{03C2A633-F2A7-411C-85CB-BC420BB6CE17}.Debug|x86.Build.0 = Debug|x86
		{03C2A633-F2A7-411C-85CB-BC420BB6CE17}.Debug|x86.Deploy.0 = Debug|x86
		{03C2A633-F2A7-411C-85CB-BC420BB6CE17}.Release|ARM.ActiveCfg = Release|ARM
		{03C2A633-F2A7-411C-85CB-BC420BB6CE17}.Release|ARM.Build.0 = Release|ARM
		{03C2A633-F2A7-411C-85CB-BC420BB6CE17}.Release|ARM.Deploy.0 = Release|ARM
		{03C2A633-F2A7-411C-85CB-BC420BB6CE17}.Release|ARM64.ActiveCfg = Release|ARM64
		{03C2A633-F2A7-411C-85CB-BC420BB6CE17}.Release|ARM64.Build.0 = Release|ARM64
		{03C2A633-F2A7-411C-85CB-BC420BB6CE17}.Release|ARM64.Deploy.0 = Release|ARM64
		{03C2A633-F2A7-411C-85CB-BC420BB6CE17}.Release|x64.ActiveCfg = Release|x64
		{03C2A633-F2A7-411C-85CB-BC420BB6CE17}.Release|x64.Build.0 = Release|x64
		{03C2A633-F2A7-411C-85CB-BC420BB6CE17}.Release|x64.Deploy.0 = Release|x64
		{03C2A633-F2A7-411C-85CB-BC420BB6CE17}.Release|x86.ActiveCfg = Release|x86
		{03C2A633-F2A7-411C-85CB-BC420BB6CE17}.Release|x86.Build.0 = Release|x86
		{03C2A633-F2A7-411C-85CB-BC420BB6CE17}.Release|x86.Deploy.0 = Release|x86
		{501C1D6B-5262-4DD8-BF20-56D8BC1D8506}.Debug|ARM.ActiveCfg = Debug|ARM
		{501C1D6B-5262-4DD8-BF20-56D8BC1D8506}.Debug|ARM.Build.0 = Debug|ARM
		{501C1D6B-5262-4DD8-BF20-56D8BC1D8506}.Debug|ARM64.ActiveCfg = Debug|ARM64
		{501C1D6B-5262-4DD8-BF20-56D8BC1D8506}.Debug|ARM64.Build.0 = Debug|ARM64
		{501C1D6B-5262-4DD8-BF20-56D8BC1D8506}.Debug|x64.ActiveCfg = Debug|x64
		{501C1D6B-5262-4DD8-BF20-56D8BC1D8506}.Debug|x64.Build.0 = Debug|x64
		{501C1D6B-5262-4DD8-BF20-56D8BC1D8506}.Debug|x86.ActiveCfg = Debug|x86
		{501C1D6B-5262-4DD8-BF20-56D8BC1D8506}.Debug|x86.Build.0 = Debug|x86
		{501C1D6B-5262-4DD8-BF20-56D8BC1D8506}.Release|ARM.ActiveCfg = Release|ARM
		{501C1D6B-5262-4DD8-BF20-56D8BC1D8506}.Release|ARM.Build.0 = Release|ARM
		{501C1D6B-5262-4DD8-BF20-56D8BC1D8506}.Release|ARM64.ActiveCfg = Release|ARM64
		{501C1D6B-5262-4DD8-BF20-56D8BC1D8506}.Release|ARM64.Build.0 = Release|ARM64
		{501C1D6B-5262-4DD8-BF20-56D8BC1D8506}.Release|x64.ActiveCfg = Release|x64
		{501C1D6B-5262-4DD8-BF20-56D8BC1D8506}.Release|x64.Build.0 = Release|x64
		{501C1D6B-5262-4DD8-BF20-56D8BC1D8506}.Release|x86.ActiveCfg = Release|x86
		{501C1D6B-5262-4DD8-BF20-56D8BC1D8506}.Release|x86.Build.0 = Release|x86
		{58081D70-C50C-4F14-8F19-DC2F93D2D132}.Debug|ARM.ActiveCfg = Debug|ARM
		{58081D70-C50C-4F14-8F19-DC2F93D2D132}.Debug|ARM.Build.0 = Debug|ARM
		{58081D70-C50C-4F14-8F19-DC2F93D2D132}.Debug|ARM.Deploy.0 = Debug|ARM
		{58081D70-C50C-4F14-8F19-DC2F93D2D132}.Debug|ARM64.ActiveCfg = Debug|ARM64
		{58081D70-C50C-4F14-8F19-DC2F93D2D132}.Debug|ARM64.Build.0 = Debug|ARM64
		{58081D70-C50C-4F14-8F19-DC2F93D2D132}.Debug|ARM64.Deploy.0 = Debug|ARM64
		{58081D70-C50C-4F14-8F19-DC2F93D2D132}.Debug|x64.ActiveCfg = Debug|x64
		{58081D70-C50C-4F14-8F19-DC2F93D2D132}.Debug|x64.Build.0 = Debug|x64
		{58081D70-C50C-4F14-8F19-DC2F93D2D132}.Debug|x64.Deploy.0 = Debug|x64
		{58081D70-C50C-4F14-8F19-DC2F93D2D132}.Debug|x86.ActiveCfg = Debug|x86
		{58081D70-C50C-4F14-8F19-DC2F93D2D132}.Debug|x86.Build.0 = Debug|x86
		{58081D70-C50C-4F14-8F19-DC2F93D2D132}.Debug|x86.Deploy.0 = Debug|x86
		{58081D70-C50C-4F14-8F19-DC2F93D2D132}.Release|ARM.ActiveCfg = Release|ARM
		{58081D70-C50C-4F14-8F19-DC2F93D2D132}.Release|ARM.Build.0 = Release|ARM
		{58081D70-C50C-4F14-8F19-DC2F93D2D132}.Release|ARM.Deploy.0 = Release|ARM
		{58081D70-C50C-4F14-8F19-DC2F93D2D132}.Release|ARM64.ActiveCfg = Release|ARM64
		{58081D70-C50C-4F14-8F19-DC2F93D2D132}.Release|ARM64.Build.0 = Release|ARM64
		{58081D70-C50C-4F14-8F19-DC2F93D2D132}.Release|ARM64.Deploy.0 = Release|ARM64
		{58081D70-C50C-4F14-8F19-DC2F93D2D132}.Release|x64.ActiveCfg = Release|x64
		{58081D70-C50C-4F14-8F19-DC2F93D2D132}.Release|x64.Build.0 = Release|x64
		{58081D70-C50C-4F14-8F19-DC2F93D2D132}.Release|x64.Deploy.0 = Release|x64
		{58081D70-C50C-4F14-8F19-DC2F93D2D132}.Release|x86.ActiveCfg = Release|x86
		{58081D70-C50C-4F14-8F19-DC2F93D2D132}.Release|x86.Build.0 = Release|x86
		{58081D70-C50C-4F14-8F19-DC2F93D2D132}.Release|x86.Deploy.0 = Release|x86
		{508901BE-B2DF-4B75-A53E-6974EBEF10E6}.Debug|ARM.ActiveCfg = Debug|ARM
		{508901BE-B2DF-4B75-A53E-6974EBEF10E6}.Debug|ARM.Build.0 = Debug|ARM
		{508901BE-B2DF-4B75-A53E-6974EBEF10E6}.Debug|ARM.Deploy.0 = Debug|ARM
		{508901BE-B2DF-4B75-A53E-6974EBEF10E6}.Debug|ARM64.ActiveCfg = Debug|Win32
		{508901BE-B2DF-4B75-A53E-6974EBEF10E6}.Debug|x64.ActiveCfg = Debug|x64
		{508901BE-B2DF-4B75-A53E-6974EBEF10E6}.Debug|x64.Build.0 = Debug|x64
		{508901BE-B2DF-4B75-A53E-6974EBEF10E6}.Debug|x64.Deploy.0 = Debug|x64
		{508901BE-B2DF-4B75-A53E-6974EBEF10E6}.Debug|x86.ActiveCfg = Debug|Win32
		{508901BE-B2DF-4B75-A53E-6974EBEF10E6}.Debug|x86.Build.0 = Debug|Win32
		{508901BE-B2DF-4B75-A53E-6974EBEF10E6}.Debug|x86.Deploy.0 = Debug|Win32
		{508901BE-B2DF-4B75-A53E-6974EBEF10E6}.Release|ARM.ActiveCfg = Release|ARM
		{508901BE-B2DF-4B75-A53E-6974EBEF10E6}.Release|ARM.Build.0 = Release|ARM
		{508901BE-B2DF-4B75-A53E-6974EBEF10E6}.Release|ARM.Deploy.0 = Release|ARM
		{508901BE-B2DF-4B75-A53E-6974EBEF10E6}.Release|ARM64.ActiveCfg = Release|Win32
		{508901BE-B2DF-4B75-A53E-6974EBEF10E6}.Release|x64.ActiveCfg = Release|x64
		{508901BE-B2DF-4B75-A53E-6974EBEF10E6}.Release|x64.Build.0 = Release|x64
		{508901BE-B2DF-4B75-A53E-6974EBEF10E6}.Release|x64.Deploy.0 = Release|x64
		{508901BE-B2DF-4B75-A53E-6974EBEF10E6}.Release|x86.ActiveCfg = Release|Win32
		{508901BE-B2DF-4B75-A53E-6974EBEF10E6}.Release|x86.Build.0 = Release|Win32
		{508901BE-B2DF-4B75-A53E-6974EBEF10E6}.Release|x86.Deploy.0 = Release|Win32
		{E5A1A12F-B3E2-454B-A39D-945E8BADB5EF}.Debug|ARM.ActiveCfg = Debug|ARM
		{E5A1A12F-B3E2-454B-A39D-945E8BADB5EF}.Debug|ARM.Build.0 = Debug|ARM
		{E5A1A12F-B3E2-454B-A39D-945E8BADB5EF}.Debug|ARM64.ActiveCfg = Debug|ARM64
		{E5A1A12F-B3E2-454B-A39D-945E8BADB5EF}.Debug|ARM64.Build.0 = Debug|ARM64
		{E5A1A12F-B3E2-454B-A39D-945E8BADB5EF}.Debug|x64.ActiveCfg = Debug|x64
		{E5A1A12F-B3E2-454B-A39D-945E8BADB5EF}.Debug|x64.Build.0 = Debug|x64
		{E5A1A12F-B3E2-454B-A39D-945E8BADB5EF}.Debug|x86.ActiveCfg = Debug|x86
		{E5A1A12F-B3E2-454B-A39D-945E8BADB5EF}.Debug|x86.Build.0 = Debug|x86
		{E5A1A12F-B3E2-454B-A39D-945E8BADB5EF}.Release|ARM.ActiveCfg = Release|ARM
		{E5A1A12F-B3E2-454B-A39D-945E8BADB5EF}.Release|ARM.Build.0 = Release|ARM
		{E5A1A12F-B3E2-454B-A39D-945E8BADB5EF}.Release|ARM64.ActiveCfg = Release|ARM64
		{E5A1A12F-B3E2-454B-A39D-945E8BADB5EF}.Release|ARM64.Build.0 = Release|ARM64
		{E5A1A12F-B3E2-454B-A39D-945E8BADB5EF}.Release|x64.ActiveCfg = Release|x64
		{E5A1A12F-B3E2-454B-A39D-945E8BADB5EF}.Release|x64.Build.0 = Release|x64
		{E5A1A12F-B3E2-454B-A39D-945E8BADB5EF}.Release|x86.ActiveCfg = Release|x86
		{E5A1A12F-B3E2-454B-A39D-945E8BADB5EF}.Release|x86.Build.0 = Release|x86
		{B54E8A4D-4B34-413B-AA14-89E8EABF647B}.Debug|ARM.ActiveCfg = Debug|ARM
		{B54E8A4D-4B34-413B-AA14-89E8EABF647B}.Debug|ARM.Build.0 = Debug|ARM
		{B54E8A4D-4B34-413B-AA14-89E8EABF647B}.Debug|ARM64.ActiveCfg = Debug|ARM64
		{B54E8A4D-4B34-413B-AA14-89E8EABF647B}.Debug|ARM64.Build.0 = Debug|ARM64
		{B54E8A4D-4B34-413B-AA14-89E8EABF647B}.Debug|x64.ActiveCfg = Debug|x64
		{B54E8A4D-4B34-413B-AA14-89E8EABF647B}.Debug|x64.Build.0 = Debug|x64
		{B54E8A4D-4B34-413B-AA14-89E8EABF647B}.Debug|x86.ActiveCfg = Debug|x86
		{B54E8A4D-4B34-413B-AA14-89E8EABF647B}.Debug|x86.Build.0 = Debug|x86
		{B54E8A4D-4B34-413B-AA14-89E8EABF647B}.Release|ARM.ActiveCfg = Release|ARM
		{B54E8A4D-4B34-413B-AA14-89E8EABF647B}.Release|ARM.Build.0 = Release|ARM
		{B54E8A4D-4B34-413B-AA14-89E8EABF647B}.Release|ARM64.ActiveCfg = Release|ARM64
		{B54E8A4D-4B34-413B-AA14-89E8EABF647B}.Release|ARM64.Build.0 = Release|ARM64
		{B54E8A4D-4B34-413B-AA14-89E8EABF647B}.Release|x64.ActiveCfg = Release|x64
		{B54E8A4D-4B34-413B-AA14-89E8EABF647B}.Release|x64.Build.0 = Release|x64
		{B54E8A4D-4B34-413B-AA14-89E8EABF647B}.Release|x86.ActiveCfg = Release|x86
		{B54E8A4D-4B34-413B-AA14-89E8EABF647B}.Release|x86.Build.0 = Release|x86
		{F95742AF-33BF-48CF-8E5E-32A0C14A5FA6}.Debug|ARM.ActiveCfg = Debug|ARM
		{F95742AF-33BF-48CF-8E5E-32A0C14A5FA6}.Debug|ARM.Build.0 = Debug|ARM
		{F95742AF-33BF-48CF-8E5E-32A0C14A5FA6}.Debug|ARM64.ActiveCfg = Debug|Win32
		{F95742AF-33BF-48CF-8E5E-32A0C14A5FA6}.Debug|x64.ActiveCfg = Debug|x64
		{F95742AF-33BF-48CF-8E5E-32A0C14A5FA6}.Debug|x64.Build.0 = Debug|x64
		{F95742AF-33BF-48CF-8E5E-32A0C14A5FA6}.Debug|x86.ActiveCfg = Debug|Win32
		{F95742AF-33BF-48CF-8E5E-32A0C14A5FA6}.Debug|x86.Build.0 = Debug|Win32
		{F95742AF-33BF-48CF-8E5E-32A0C14A5FA6}.Release|ARM.ActiveCfg = Release|ARM
		{F95742AF-33BF-48CF-8E5E-32A0C14A5FA6}.Release|ARM.Build.0 = Release|ARM
		{F95742AF-33BF-48CF-8E5E-32A0C14A5FA6}.Release|ARM64.ActiveCfg = Release|Win32
		{F95742AF-33BF-48CF-8E5E-32A0C14A5FA6}.Release|x64.ActiveCfg = Release|x64
		{F95742AF-33BF-48CF-8E5E-32A0C14A5FA6}.Release|x64.Build.0 = Release|x64
		{F95742AF-33BF-48CF-8E5E-32A0C14A5FA6}.Release|x86.ActiveCfg = Release|Win32
		{F95742AF-33BF-48CF-8E5E-32A0C14A5FA6}.Release|x86.Build.0 = Release|Win32
	EndGlobalSection
	GlobalSection(SolutionProperties) = preSolution
		HideSolutionNode = FALSE
	EndGlobalSection
	GlobalSection(NestedProjects) = preSolution
		{03C2A633-F2A7-411C-85CB-BC420BB6CE17} = {3977527C-1446-48EF-8CF7-4FA3514AE1CD}
		{501C1D6B-5262-4DD8-BF20-56D8BC1D8506} = {3977527C-1446-48EF-8CF7-4FA3514AE1CD}
		{F7898E66-672E-4941-8FB2-D7EC63439570} = {22B77265-61C6-4ED7-ADCE-AF13C54D5883}
		{E5A1A12F-B3E2-454B-A39D-945E8BADB5EF} = {22B77265-61C6-4ED7-ADCE-AF13C54D5883}
		{B54E8A4D-4B34-413B-AA14-89E8EABF647B} = {22B77265-61C6-4ED7-ADCE-AF13C54D5883}
		{F95742AF-33BF-48CF-8E5E-32A0C14A5FA6} = {22B77265-61C6-4ED7-ADCE-AF13C54D5883}
	EndGlobalSection
EndGlobal
