
Microsoft Visual Studio Solution File, Format Version 12.00
# Visual Studio 14
VisualStudioVersion = 14.0.24720.0
MinimumVisualStudioVersion = 10.0.40219.1
Project("{2150E333-8FDC-42A3-9474-1A3956D46DE8}") = "Oregon 9-1-1.Android.Application", "Oregon 9-1-1.Android.Application", "{3977527C-1446-48EF-8CF7-4FA3514AE1CD}"
EndProject
Project("{39E2626F-3545-4960-A6E8-258AD8476CE5}") = "Oregon 9-1-1.Android.Application", "Oregon 9-1-1\Oregon 9-1-1.Android.Application\Oregon 9-1-1.Android.Application.androidproj", "{03C2A633-F2A7-411C-85CB-BC420BB6CE17}"
EndProject
Project("{8BC9CEB8-8B4A-11D0-8D11-00A0C91BC942}") = "Oregon 9-1-1.Android.NativeActivity", "Oregon 9-1-1\Oregon 9-1-1.Android.NativeActivity\Oregon 9-1-1.Android.NativeActivity.vcxproj", "{501C1D6B-5262-4DD8-BF20-56D8BC1D8506}"
EndProject
Project("{2150E333-8FDC-42A3-9474-1A3956D46DE8}") = "Library", "Library", "{22B77265-61C6-4ED7-ADCE-AF13C54D5883}"
EndProject
Project("{8BC9CEB8-8B4A-11D0-8D11-00A0C91BC942}") = "Oregon 9-1-1.Android.StaticLibrary", "Oregon 9-1-1\Oregon 9-1-1.Android.StaticLibrary\Oregon 9-1-1.Android.StaticLibrary.vcxproj", "{E5A1A12F-B3E2-454B-A39D-945E8BADB5EF}"
EndProject
Global
	GlobalSection(SharedMSBuildProjectFiles) = preSolution
		Oregon 9-1-1\Oregon 9-1-1.Shared\Oregon 9-1-1.Shared.vcxitems*{e5a1a12f-b3e2-454b-a39d-945e8badb5ef}*SharedItemsImports = 4
	EndGlobalSection
	GlobalSection(SolutionConfigurationPlatforms) = preSolution
		Debug|ARM = Debug|ARM
		Debug|ARM64 = Debug|ARM64
		Debug|x64 = Debug|x64
		Debug|x86 = Debug|x86
		Release|ARM = Release|ARM
		Release|ARM64 = Release|ARM64
		Release|x64 = Release|x64
		Release|x86 = Release|x86
	EndGlobalSection
	GlobalSection(ProjectConfigurationPlatforms) = postSolution
		{03C2A633-F2A7-411C-85CB-BC420BB6CE17}.Debug|ARM.ActiveCfg = Debug|ARM
		{03C2A633-F2A7-411C-85CB-BC420BB6CE17}.Debug|ARM.Build.0 = Debug|ARM
		{03C2A633-F2A7-411C-85CB-BC420BB6CE17}.Debug|ARM.Deploy.0 = Debug|ARM
		{03C2A633-F2A7-411C-85CB-BC420BB6CE17}.Debug|ARM64.ActiveCfg = Debug|ARM64
		{03C2A633-F2A7-411C-85CB-BC420BB6CE17}.Debug|ARM64.Build.0 = Debug|ARM64
		{03C2A633-F2A7-411C-85CB-BC420BB6CE17}.Debug|ARM64.Deploy.0 = Debug|ARM64
		{03C2A633-F2A7-411C-85CB-BC420BB6CE17}.Debug|x64.ActiveCfg = Debug|x64
		{03C2A633-F2A7-411C-85CB-BC420BB6CE17}.Debug|x64.Build.0 = Debug|x64
		{03C2A633-F2A7-411C-85CB-BC420BB6CE17}.Debug|x64.Deploy.0 = Debug|x64
		{03C2A633-F2A7-411C-85CB-BC420BB6CE17}.Debug|x86.ActiveCfg = Debug|x86
		{03C2A633-F2A7-411C-85CB-BC420BB6CE17}.Debug|x86.Build.0 = Debug|x86
		{03C2A633-F2A7-411C-85CB-BC420BB6CE17}.Debug|x86.Deploy.0 = Debug|x86
		{03C2A633-F2A7-411C-85CB-BC420BB6CE17}.Release|ARM.ActiveCfg = Release|ARM
		{03C2A633-F2A7-411C-85CB-BC420BB6CE17}.Release|ARM.Build.0 = Release|ARM
		{03C2A633-F2A7-411C-85CB-BC420BB6CE17}.Release|ARM.Deploy.0 = Release|ARM
		{03C2A633-F2A7-411C-85CB-BC420BB6CE17}.Release|ARM64.ActiveCfg = Release|ARM64
		{03C2A633-F2A7-411C-85CB-BC420BB6CE17}.Release|ARM64.Build.0 = Release|ARM64
		{03C2A633-F2A7-411C-85CB-BC420BB6CE17}.Release|ARM64.Deploy.0 = Release|ARM64
		{03C2A633-F2A7-411C-85CB-BC420BB6CE17}.Release|x64.ActiveCfg = Release|x64
		{03C2A633-F2A7-411C-85CB-BC420BB6CE17}.Release|x64.Build.0 = Release|x64
		{03C2A633-F2A7-411C-85CB-BC420BB6CE17}.Release|x64.Deploy.0 = Release|x64
		{03C2A633-F2A7-411C-85CB-BC420BB6CE17}.Release|x86.ActiveCfg = Release|x86
		{03C2A633-F2A7-411C-85CB-BC420BB6CE17}.Release|x86.Build.0 = Release|x86
		{03C2A633-F2A7-411C-85CB-BC420BB6CE17}.Release|x86.Deploy.0 = Release|x86
		{501C1D6B-5262-4DD8-BF20-56D8BC1D8506}.Debug|ARM.ActiveCfg = Debug|ARM
		{501C1D6B-5262-4DD8-BF20-56D8BC1D8506}.Debug|ARM.Build.0 = Debug|ARM
		{501C1D6B-5262-4DD8-BF20-56D8BC1D8506}.Debug|ARM64.ActiveCfg = Debug|ARM64
		{501C1D6B-5262-4DD8-BF20-56D8BC1D8506}.Debug|ARM64.Build.0 = Debug|ARM64
		{501C1D6B-5262-4DD8-BF20-56D8BC1D8506}.Debug|x64.ActiveCfg = Debug|x64
		{501C1D6B-5262-4DD8-BF20-56D8BC1D8506}.Debug|x64.Build.0 = Debug|x64
		{501C1D6B-5262-4DD8-BF20-56D8BC1D8506}.Debug|x86.ActiveCfg = Debug|x86
		{501C1D6B-5262-4DD8-BF20-56D8BC1D8506}.Debug|x86.Build.0 = Debug|x86
		{501C1D6B-5262-4DD8-BF20-56D8BC1D8506}.Release|ARM.ActiveCfg = Release|ARM
		{501C1D6B-5262-4DD8-BF20-56D8BC1D8506}.Release|ARM.Build.0 = Release|ARM
		{501C1D6B-5262-4DD8-BF20-56D8BC1D8506}.Release|ARM64.ActiveCfg = Release|ARM64
		{501C1D6B-5262-4DD8-BF20-56D8BC1D8506}.Release|ARM64.Build.0 = Release|ARM64
		{501C1D6B-5262-4DD8-BF20-56D8BC1D8506}.Release|x64.ActiveCfg = Release|x64
		{501C1D6B-5262-4DD8-BF20-56D8BC1D8506}.Release|x64.Build.0 = Release|x64
		{501C1D6B-5262-4DD8-BF20-56D8BC1D8506}.Release|x86.ActiveCfg = Release|x86
		{501C1D6B-5262-4DD8-BF20-56D8BC1D8506}.Release|x86.Build.0 = Release|x86
		{E5A1A12F-B3E2-454B-A39D-945E8BADB5EF}.Debug|ARM.ActiveCfg = Debug|ARM
		{E5A1A12F-B3E2-454B-A39D-945E8BADB5EF}.Debug|ARM.Build.0 = Debug|ARM
		{E5A1A12F-B3E2-454B-A39D-945E8BADB5EF}.Debug|ARM64.ActiveCfg = Debug|ARM64
		{E5A1A12F-B3E2-454B-A39D-945E8BADB5EF}.Debug|ARM64.Build.0 = Debug|ARM64
		{E5A1A12F-B3E2-454B-A39D-945E8BADB5EF}.Debug|x64.ActiveCfg = Debug|x64
		{E5A1A12F-B3E2-454B-A39D-945E8BADB5EF}.Debug|x64.Build.0 = Debug|x64
		{E5A1A12F-B3E2-454B-A39D-945E8BADB5EF}.Debug|x86.ActiveCfg = Debug|x86
		{E5A1A12F-B3E2-454B-A39D-945E8BADB5EF}.Debug|x86.Build.0 = Debug|x86
		{E5A1A12F-B3E2-454B-A39D-945E8BADB5EF}.Release|ARM.ActiveCfg = Release|ARM
		{E5A1A12F-B3E2-454B-A39D-945E8BADB5EF}.Release|ARM.Build.0 = Release|ARM
		{E5A1A12F-B3E2-454B-A39D-945E8BADB5EF}.Release|ARM64.ActiveCfg = Release|ARM64
		{E5A1A12F-B3E2-454B-A39D-945E8BADB5EF}.Release|ARM64.Build.0 = Release|ARM64
		{E5A1A12F-B3E2-454B-A39D-945E8BADB5EF}.Release|x64.ActiveCfg = Release|x64
		{E5A1A12F-B3E2-454B-A39D-945E8BADB5EF}.Release|x64.Build.0 = Release|x64
		{E5A1A12F-B3E2-454B-A39D-945E8BADB5EF}.Release|x86.ActiveCfg = Release|x86
		{E5A1A12F-B3E2-454B-A39D-945E8BADB5EF}.Release|x86.Build.0 = Release|x86
	EndGlobalSection
	GlobalSection(SolutionProperties) = preSolution
		HideSolutionNode = FALSE
	EndGlobalSection
	GlobalSection(NestedProjects) = preSolution
		{03C2A633-F2A7-411C-85CB-BC420BB6CE17} = {3977527C-1446-48EF-8CF7-4FA3514AE1CD}
		{501C1D6B-5262-4DD8-BF20-56D8BC1D8506} = {3977527C-1446-48EF-8CF7-4FA3514AE1CD}
		{E5A1A12F-B3E2-454B-A39D-945E8BADB5EF} = {22B77265-61C6-4ED7-ADCE-AF13C54D5883}
	EndGlobalSection
EndGlobal
