<?xml version="1.0" encoding="utf-8"?>
<Project ToolsVersion="4.0" xmlns="http://schemas.microsoft.com/developer/msbuild/2003">
  <ItemGroup>
    <ClInclude Include="pch.h" />
    <ClInclude Include="android_native_app_glue.h" />
    <ClInclude Include="Call.h">
      <Filter>Oregon 911 Base</Filter>
    </ClInclude>
    <ClInclude Include="callInfo.h">
      <Filter>Oregon 911 Base</Filter>
    </ClInclude>
    <ClInclude Include="callLog.h">
      <Filter>Oregon 911 Base</Filter>
    </ClInclude>
    <ClInclude Include="callLogEntry.h">
      <Filter>Oregon 911 Base</Filter>
    </ClInclude>
    <ClInclude Include="changeLog.h">
      <Filter>Oregon 911 Base</Filter>
    </ClInclude>
    <ClInclude Include="Incident.h">
      <Filter>Oregon 911 Base</Filter>
    </ClInclude>
    <ClInclude Include="IncidentList.h">
      <Filter>Oregon 911 Base</Filter>
    </ClInclude>
    <ClInclude Include="Oregon911.h">
      <Filter>Oregon 911 Base</Filter>
    </ClInclude>
    <ClInclude Include="timestamp.h">
      <Filter>Oregon 911 Base</Filter>
    </ClInclude>
    <ClInclude Include="Unit.h">
      <Filter>Oregon 911 Base</Filter>
    </ClInclude>
    <ClInclude Include="Driver.h">
      <Filter>Oregon 911 Base</Filter>
    </ClInclude>
    <ClInclude Include="Data.h">
      <Filter>Oregon 911 Base</Filter>
    </ClInclude>
  </ItemGroup>
  <ItemGroup>
    <ClCompile Include="android_native_app_glue.c" />
    <ClCompile Include="main.cpp" />
    <ClCompile Include="callInfo.cpp">
      <Filter>Oregon 911 Base</Filter>
    </ClCompile>
    <ClCompile Include="callLogEntry.cpp">
      <Filter>Oregon 911 Base</Filter>
    </ClCompile>
    <ClCompile Include="changeLog.cpp">
      <Filter>Oregon 911 Base</Filter>
    </ClCompile>
    <ClCompile Include="Incident.cpp">
      <Filter>Oregon 911 Base</Filter>
    </ClCompile>
    <ClCompile Include="IncidentList.cpp">
      <Filter>Oregon 911 Base</Filter>
    </ClCompile>
    <ClCompile Include="timestamp.cpp">
      <Filter>Oregon 911 Base</Filter>
    </ClCompile>
    <ClCompile Include="Unit.cpp">
      <Filter>Oregon 911 Base</Filter>
    </ClCompile>
    <ClCompile Include="Driver.cpp">
      <Filter>Oregon 911 Base</Filter>
    </ClCompile>
    <ClCompile Include="Data.cpp">
      <Filter>Oregon 911 Base</Filter>
    </ClCompile>
  </ItemGroup>
  <ItemGroup>
    <Filter Include="Oregon 911 Base">
      <UniqueIdentifier>{2de8b0f0-8859-4c0c-b787-8fb0755cba2a}</UniqueIdentifier>
    </Filter>
  </ItemGroup>
  <ItemGroup>
    <None Include="packages.config" />
  </ItemGroup>
</Project>